
Microsoft Visual Studio Solution File, Format Version 12.00
# Visual Studio Version 17
VisualStudioVersion = 17.9.34723.18
MinimumVisualStudioVersion = 10.0.40219.1
Project("{FAE04EC0-301F-11D3-BF4B-00C04F79EFBC}") = "MasterPasswords", "MasterPasswords.csproj", "{BC6EC741-B1FD-4688-9918-A5CB820DF564}"
EndProject
Global
	GlobalSection(SolutionConfigurationPlatforms) = preSolution
		Debug|Any CPU = Debug|Any CPU
		Release|Any CPU = Release|Any CPU
	EndGlobalSection
	GlobalSection(ProjectConfigurationPlatforms) = postSolution
		{BC6EC741-B1FD-4688-9918-A5CB820DF564}.Debug|Any CPU.ActiveCfg = Debug|Any CPU
		{BC6EC741-B1FD-4688-9918-A5CB820DF564}.Debug|Any CPU.Build.0 = Debug|Any CPU
		{BC6EC741-B1FD-4688-9918-A5CB820DF564}.Release|Any CPU.ActiveCfg = Release|Any CPU
		{BC6EC741-B1FD-4688-9918-A5CB820DF564}.Release|Any CPU.Build.0 = Release|Any CPU
	EndGlobalSection
	GlobalSection(SolutionProperties) = preSolution
		HideSolutionNode = FALSE
	EndGlobalSection
	GlobalSection(ExtensibilityGlobals) = postSolution
		SolutionGuid = {D7263251-CADA-488E-A9DE-568DF39C2CB8}
	EndGlobalSection
EndGlobal
